
Microsoft Visual Studio Solution File, Format Version 12.00
# Visual Studio 15
VisualStudioVersion = 15.0.28307.539
MinimumVisualStudioVersion = 10.0.40219.1
Project("{9A19103F-16F7-4668-BE54-9A1E7A4F7556}") = "CoreWiki.Web", "CoreWiki.Web\CoreWiki.Web.csproj", "{13A46A77-5D4C-4F82-B1D8-B22636EABD24}"
EndProject
Project("{9A19103F-16F7-4668-BE54-9A1E7A4F7556}") = "CoreWiki.Models", "CoreWiki.Models\CoreWiki.Models.csproj", "{B4C4A3F9-501A-4911-8FC2-AD3707113E8D}"
EndProject
Project("{9A19103F-16F7-4668-BE54-9A1E7A4F7556}") = "CoreWiki.Data", "CoreWiki.Data\CoreWiki.Data.csproj", "{1E5228D2-6EAD-46E0-ABC0-51C66E678D85}"
EndProject
Project("{9A19103F-16F7-4668-BE54-9A1E7A4F7556}") = "CoreWiki.Utilities", "CoreWiki.Utilities\CoreWiki.Utilities.csproj", "{95B734D8-2EE9-4BEC-9332-E6D93392810A}"
EndProject
Project("{9A19103F-16F7-4668-BE54-9A1E7A4F7556}") = "CoreWiki.Services", "CoreWiki.Services\CoreWiki.Services.csproj", "{0C60B229-BFD1-4B4D-AF3C-32A3D6F7F4B7}"
EndProject
Project("{9A19103F-16F7-4668-BE54-9A1E7A4F7556}") = "CoreWiki.Utilities.Test", "..\test\CoreWiki.Utilities.Test\CoreWiki.Utilities.Test.csproj", "{9BE83C9B-897A-435D-8090-849C4EF82700}"
EndProject
Project("{2150E333-8FDC-42A3-9474-1A3956D46DE8}") = "Test", "Test", "{D09B9EA5-D77C-4C8D-9621-32B5F0EAEFA0}"
EndProject
Project("{2150E333-8FDC-42A3-9474-1A3956D46DE8}") = "Source", "Source", "{D224AB49-F9E2-432F-9D9A-6FDF551625D8}"
EndProject
Project("{9A19103F-16F7-4668-BE54-9A1E7A4F7556}") = "CoreWiki.Models.Test", "..\test\CoreWiki.Models.Test\CoreWiki.Models.Test.csproj", "{56D71FAA-7A57-4A9C-B9EC-9659FE2C5562}"
EndProject
Project("{9A19103F-16F7-4668-BE54-9A1E7A4F7556}") = "CoreWiki.Repository", "CoreWiki.Repository\CoreWiki.Repository.csproj", "{C9B3683F-1AD4-4D80-89C9-3C4D57575098}"
EndProject
Global
	GlobalSection(SolutionConfigurationPlatforms) = preSolution
		Debug|Any CPU = Debug|Any CPU
		Release|Any CPU = Release|Any CPU
	EndGlobalSection
	GlobalSection(ProjectConfigurationPlatforms) = postSolution
		{13A46A77-5D4C-4F82-B1D8-B22636EABD24}.Debug|Any CPU.ActiveCfg = Debug|Any CPU
		{13A46A77-5D4C-4F82-B1D8-B22636EABD24}.Debug|Any CPU.Build.0 = Debug|Any CPU
		{13A46A77-5D4C-4F82-B1D8-B22636EABD24}.Release|Any CPU.ActiveCfg = Release|Any CPU
		{13A46A77-5D4C-4F82-B1D8-B22636EABD24}.Release|Any CPU.Build.0 = Release|Any CPU
		{B4C4A3F9-501A-4911-8FC2-AD3707113E8D}.Debug|Any CPU.ActiveCfg = Debug|Any CPU
		{B4C4A3F9-501A-4911-8FC2-AD3707113E8D}.Debug|Any CPU.Build.0 = Debug|Any CPU
		{B4C4A3F9-501A-4911-8FC2-AD3707113E8D}.Release|Any CPU.ActiveCfg = Release|Any CPU
		{B4C4A3F9-501A-4911-8FC2-AD3707113E8D}.Release|Any CPU.Build.0 = Release|Any CPU
		{1E5228D2-6EAD-46E0-ABC0-51C66E678D85}.Debug|Any CPU.ActiveCfg = Debug|Any CPU
		{1E5228D2-6EAD-46E0-ABC0-51C66E678D85}.Debug|Any CPU.Build.0 = Debug|Any CPU
		{1E5228D2-6EAD-46E0-ABC0-51C66E678D85}.Release|Any CPU.ActiveCfg = Release|Any CPU
		{1E5228D2-6EAD-46E0-ABC0-51C66E678D85}.Release|Any CPU.Build.0 = Release|Any CPU
		{95B734D8-2EE9-4BEC-9332-E6D93392810A}.Debug|Any CPU.ActiveCfg = Debug|Any CPU
		{95B734D8-2EE9-4BEC-9332-E6D93392810A}.Debug|Any CPU.Build.0 = Debug|Any CPU
		{95B734D8-2EE9-4BEC-9332-E6D93392810A}.Release|Any CPU.ActiveCfg = Release|Any CPU
		{95B734D8-2EE9-4BEC-9332-E6D93392810A}.Release|Any CPU.Build.0 = Release|Any CPU
		{0C60B229-BFD1-4B4D-AF3C-32A3D6F7F4B7}.Debug|Any CPU.ActiveCfg = Debug|Any CPU
		{0C60B229-BFD1-4B4D-AF3C-32A3D6F7F4B7}.Debug|Any CPU.Build.0 = Debug|Any CPU
		{0C60B229-BFD1-4B4D-AF3C-32A3D6F7F4B7}.Release|Any CPU.ActiveCfg = Release|Any CPU
		{0C60B229-BFD1-4B4D-AF3C-32A3D6F7F4B7}.Release|Any CPU.Build.0 = Release|Any CPU
		{9BE83C9B-897A-435D-8090-849C4EF82700}.Debug|Any CPU.ActiveCfg = Debug|Any CPU
		{9BE83C9B-897A-435D-8090-849C4EF82700}.Debug|Any CPU.Build.0 = Debug|Any CPU
		{9BE83C9B-897A-435D-8090-849C4EF82700}.Release|Any CPU.ActiveCfg = Release|Any CPU
		{9BE83C9B-897A-435D-8090-849C4EF82700}.Release|Any CPU.Build.0 = Release|Any CPU
		{56D71FAA-7A57-4A9C-B9EC-9659FE2C5562}.Debug|Any CPU.ActiveCfg = Debug|Any CPU
		{56D71FAA-7A57-4A9C-B9EC-9659FE2C5562}.Debug|Any CPU.Build.0 = Debug|Any CPU
		{56D71FAA-7A57-4A9C-B9EC-9659FE2C5562}.Release|Any CPU.ActiveCfg = Release|Any CPU
		{56D71FAA-7A57-4A9C-B9EC-9659FE2C5562}.Release|Any CPU.Build.0 = Release|Any CPU
		{C9B3683F-1AD4-4D80-89C9-3C4D57575098}.Debug|Any CPU.ActiveCfg = Debug|Any CPU
		{C9B3683F-1AD4-4D80-89C9-3C4D57575098}.Debug|Any CPU.Build.0 = Debug|Any CPU
		{C9B3683F-1AD4-4D80-89C9-3C4D57575098}.Release|Any CPU.ActiveCfg = Release|Any CPU
		{C9B3683F-1AD4-4D80-89C9-3C4D57575098}.Release|Any CPU.Build.0 = Release|Any CPU
	EndGlobalSection
	GlobalSection(SolutionProperties) = preSolution
		HideSolutionNode = FALSE
	EndGlobalSection
	GlobalSection(NestedProjects) = preSolution
		{13A46A77-5D4C-4F82-B1D8-B22636EABD24} = {D224AB49-F9E2-432F-9D9A-6FDF551625D8}
		{B4C4A3F9-501A-4911-8FC2-AD3707113E8D} = {D224AB49-F9E2-432F-9D9A-6FDF551625D8}
		{1E5228D2-6EAD-46E0-ABC0-51C66E678D85} = {D224AB49-F9E2-432F-9D9A-6FDF551625D8}
		{95B734D8-2EE9-4BEC-9332-E6D93392810A} = {D224AB49-F9E2-432F-9D9A-6FDF551625D8}
		{0C60B229-BFD1-4B4D-AF3C-32A3D6F7F4B7} = {D224AB49-F9E2-432F-9D9A-6FDF551625D8}
		{9BE83C9B-897A-435D-8090-849C4EF82700} = {D09B9EA5-D77C-4C8D-9621-32B5F0EAEFA0}
		{56D71FAA-7A57-4A9C-B9EC-9659FE2C5562} = {D09B9EA5-D77C-4C8D-9621-32B5F0EAEFA0}
		{C9B3683F-1AD4-4D80-89C9-3C4D57575098} = {D224AB49-F9E2-432F-9D9A-6FDF551625D8}
	EndGlobalSection
	GlobalSection(ExtensibilityGlobals) = postSolution
		SolutionGuid = {09643FEC-6FCB-45BA-9A22-ADB76C5B6706}
	EndGlobalSection
EndGlobal
