
Microsoft Visual Studio Solution File, Format Version 12.00
# Visual Studio 15
VisualStudioVersion = 15.0.28307.539
MinimumVisualStudioVersion = 10.0.40219.1
Project("{9A19103F-16F7-4668-BE54-9A1E7A4F7556}") = "CoreWiki.Web", "CoreWiki.Web\CoreWiki.Web.csproj", "{13A46A77-5D4C-4F82-B1D8-B22636EABD24}"
EndProject
Project("{9A19103F-16F7-4668-BE54-9A1E7A4F7556}") = "CoreWiki.Models", "CoreWiki.Models\CoreWiki.Models.csproj", "{B4C4A3F9-501A-4911-8FC2-AD3707113E8D}"
EndProject
Project("{9A19103F-16F7-4668-BE54-9A1E7A4F7556}") = "CoreWiki.Data", "CoreWiki.Data\CoreWiki.Data.csproj", "{1E5228D2-6EAD-46E0-ABC0-51C66E678D85}"
EndProject
Project("{9A19103F-16F7-4668-BE54-9A1E7A4F7556}") = "CoreWiki.Utilities", "CoreWiki.Utilities\CoreWiki.Utilities.csproj", "{95B734D8-2EE9-4BEC-9332-E6D93392810A}"
EndProject
Project("{FAE04EC0-301F-11D3-BF4B-00C04F79EFBC}") = "CoreWiki.Services", "CoreWiki.Services\CoreWiki.Services.csproj", "{0C60B229-BFD1-4B4D-AF3C-32A3D6F7F4B7}"
EndProject
Global
	GlobalSection(SolutionConfigurationPlatforms) = preSolution
		Debug|Any CPU = Debug|Any CPU
		Release|Any CPU = Release|Any CPU
	EndGlobalSection
	GlobalSection(ProjectConfigurationPlatforms) = postSolution
		{13A46A77-5D4C-4F82-B1D8-B22636EABD24}.Debug|Any CPU.ActiveCfg = Debug|Any CPU
		{13A46A77-5D4C-4F82-B1D8-B22636EABD24}.Debug|Any CPU.Build.0 = Debug|Any CPU
		{13A46A77-5D4C-4F82-B1D8-B22636EABD24}.Release|Any CPU.ActiveCfg = Release|Any CPU
		{13A46A77-5D4C-4F82-B1D8-B22636EABD24}.Release|Any CPU.Build.0 = Release|Any CPU
		{B4C4A3F9-501A-4911-8FC2-AD3707113E8D}.Debug|Any CPU.ActiveCfg = Debug|Any CPU
		{B4C4A3F9-501A-4911-8FC2-AD3707113E8D}.Debug|Any CPU.Build.0 = Debug|Any CPU
		{B4C4A3F9-501A-4911-8FC2-AD3707113E8D}.Release|Any CPU.ActiveCfg = Release|Any CPU
		{B4C4A3F9-501A-4911-8FC2-AD3707113E8D}.Release|Any CPU.Build.0 = Release|Any CPU
		{1E5228D2-6EAD-46E0-ABC0-51C66E678D85}.Debug|Any CPU.ActiveCfg = Debug|Any CPU
		{1E5228D2-6EAD-46E0-ABC0-51C66E678D85}.Debug|Any CPU.Build.0 = Debug|Any CPU
		{1E5228D2-6EAD-46E0-ABC0-51C66E678D85}.Release|Any CPU.ActiveCfg = Release|Any CPU
		{1E5228D2-6EAD-46E0-ABC0-51C66E678D85}.Release|Any CPU.Build.0 = Release|Any CPU
		{95B734D8-2EE9-4BEC-9332-E6D93392810A}.Debug|Any CPU.ActiveCfg = Debug|Any CPU
		{95B734D8-2EE9-4BEC-9332-E6D93392810A}.Debug|Any CPU.Build.0 = Debug|Any CPU
		{95B734D8-2EE9-4BEC-9332-E6D93392810A}.Release|Any CPU.ActiveCfg = Release|Any CPU
		{95B734D8-2EE9-4BEC-9332-E6D93392810A}.Release|Any CPU.Build.0 = Release|Any CPU
		{0C60B229-BFD1-4B4D-AF3C-32A3D6F7F4B7}.Debug|Any CPU.ActiveCfg = Debug|Any CPU
		{0C60B229-BFD1-4B4D-AF3C-32A3D6F7F4B7}.Debug|Any CPU.Build.0 = Debug|Any CPU
		{0C60B229-BFD1-4B4D-AF3C-32A3D6F7F4B7}.Release|Any CPU.ActiveCfg = Release|Any CPU
		{0C60B229-BFD1-4B4D-AF3C-32A3D6F7F4B7}.Release|Any CPU.Build.0 = Release|Any CPU
	EndGlobalSection
	GlobalSection(SolutionProperties) = preSolution
		HideSolutionNode = FALSE
	EndGlobalSection
	GlobalSection(ExtensibilityGlobals) = postSolution
		SolutionGuid = {09643FEC-6FCB-45BA-9A22-ADB76C5B6706}
	EndGlobalSection
EndGlobal
